
Microsoft Visual Studio Solution File, Format Version 12.00
# Visual Studio Version 17
VisualStudioVersion = 17.0.31314.256
MinimumVisualStudioVersion = 10.0.40219.1
Project("{2150E333-8FDC-42A3-9474-1A3956D46DE8}") = "Automation", "Automation", "{0BFBE63A-B98A-3411-8EEB-8918FEC737B3}"
EndProject
Project("{2150E333-8FDC-42A3-9474-1A3956D46DE8}") = "Engine", "Engine", "{233774A8-CC9D-3FA9-86D1-90573E92B704}"
EndProject
Project("{2150E333-8FDC-42A3-9474-1A3956D46DE8}") = "Games", "Games", "{DE1F8B53-6C02-3C13-9101-A7C8D96F3FF6}"
EndProject
Project("{2150E333-8FDC-42A3-9474-1A3956D46DE8}") = "Programs", "Programs", "{A338B9E2-A559-34BE-A46D-F789DD488FAD}"
EndProject
Project("{2150E333-8FDC-42A3-9474-1A3956D46DE8}") = "Rules", "Rules", "{C2F57ECE-B26F-39D8-BDA7-C1D40BD8F180}"
EndProject
Project("{2150E333-8FDC-42A3-9474-1A3956D46DE8}") = "Shared", "Shared", "{57713676-9DBE-331C-AD10-26632AC9EE0C}"
EndProject
Project("{2150E333-8FDC-42A3-9474-1A3956D46DE8}") = "UnrealBuildTool.Plugins", "UnrealBuildTool.Plugins", "{7B5CFB44-F0FB-31DF-AE62-C3C096A29A7B}"
EndProject
Project("{8BC9CEB8-8B4A-11D0-8D11-00A0C91BC942}") = "SPD_Spel1", "Intermediate\ProjectFiles\SPD_Spel1.vcxproj", "{7C0763B5-28CF-320F-AAC1-BE115058D101}"
	ProjectSection(ProjectDependencies) = postProject
		{018B1861-EFC9-36A8-8939-F0FF0856C800} = {018B1861-EFC9-36A8-8939-F0FF0856C800}
	EndProjectSection
EndProject
Project("{8BC9CEB8-8B4A-11D0-8D11-00A0C91BC942}") = "UE5", "Intermediate\ProjectFiles\UE5.vcxproj", "{D71A1686-C6A2-3D24-B76A-FF35A4F65A03}"
EndProject
Project("{FAE04EC0-301F-11D3-BF4B-00C04F79EFBC}") = "UnrealBuildTool", "D:\UE\UE_5.3\Engine\Source\Programs\UnrealBuildTool\UnrealBuildTool.csproj", "{018B1861-EFC9-36A8-8939-F0FF0856C800}"
EndProject
Project("{FAE04EC0-301F-11D3-BF4B-00C04F79EFBC}") = "AutomationTool", "D:\UE\UE_5.3\Engine\Source\Programs\AutomationTool\AutomationTool.csproj", "{FFFBA05A-BC22-3DA2-A811-CAD76FE88415}"
EndProject
Project("{FAE04EC0-301F-11D3-BF4B-00C04F79EFBC}") = "Android.Automation", "D:\UE\UE_5.3\Engine\Source\Programs\AutomationTool\Android\Android.Automation.csproj", "{6A0E603C-32AE-369E-B12B-187833978EBC}"
EndProject
Project("{FAE04EC0-301F-11D3-BF4B-00C04F79EFBC}") = "Apple.Automation", "D:\UE\UE_5.3\Engine\Source\Programs\AutomationTool\Apple\Apple.Automation.csproj", "{E29A138E-A917-35CC-B2E1-BB98F0FE0832}"
EndProject
Project("{FAE04EC0-301F-11D3-BF4B-00C04F79EFBC}") = "AutomationUtils.Automation", "D:\UE\UE_5.3\Engine\Source\Programs\AutomationTool\AutomationUtils\AutomationUtils.Automation.csproj", "{40A49EC0-2BFD-3D23-9424-4916E605ACD7}"
EndProject
Project("{FAE04EC0-301F-11D3-BF4B-00C04F79EFBC}") = "BuildGraph.Automation", "D:\UE\UE_5.3\Engine\Source\Programs\AutomationTool\BuildGraph\BuildGraph.Automation.csproj", "{3EC5BB9F-87D9-344F-982E-BDF5D538B6AB}"
EndProject
Project("{FAE04EC0-301F-11D3-BF4B-00C04F79EFBC}") = "CookedEditor.Automation", "D:\UE\UE_5.3\Engine\Source\Programs\AutomationTool\CookedEditor\CookedEditor.Automation.csproj", "{B4F7AF73-2781-3AA8-AFAF-CC6710251EBC}"
EndProject
Project("{FAE04EC0-301F-11D3-BF4B-00C04F79EFBC}") = "CrowdinLocalization.Automation", "D:\UE\UE_5.3\Engine\Source\Programs\AutomationTool\CrowdinLocalization\CrowdinLocalization.Automation.csproj", "{3E1ADE78-3ACF-3CC5-A0ED-82D533EA3735}"
EndProject
Project("{FAE04EC0-301F-11D3-BF4B-00C04F79EFBC}") = "Gauntlet.Automation", "D:\UE\UE_5.3\Engine\Source\Programs\AutomationTool\Gauntlet\Gauntlet.Automation.csproj", "{ACF2ED16-A93F-32CA-93DC-BA31BE3A52B5}"
EndProject
Project("{FAE04EC0-301F-11D3-BF4B-00C04F79EFBC}") = "IOS.Automation", "D:\UE\UE_5.3\Engine\Source\Programs\AutomationTool\IOS\IOS.Automation.csproj", "{90F2AC81-42D8-381C-94B3-66A32AA0DAE5}"
EndProject
Project("{FAE04EC0-301F-11D3-BF4B-00C04F79EFBC}") = "Linux.Automation", "D:\UE\UE_5.3\Engine\Source\Programs\AutomationTool\Linux\Linux.Automation.csproj", "{5F2DD492-94FD-3246-B886-ABBCE217D8F5}"
EndProject
Project("{FAE04EC0-301F-11D3-BF4B-00C04F79EFBC}") = "Localization.Automation", "D:\UE\UE_5.3\Engine\Source\Programs\AutomationTool\Localization\Localization.Automation.csproj", "{629314C6-1150-3C46-9624-CD64C1513BA0}"
EndProject
Project("{FAE04EC0-301F-11D3-BF4B-00C04F79EFBC}") = "LowLevelTests.Automation", "D:\UE\UE_5.3\Engine\Source\Programs\AutomationTool\LowLevelTests\LowLevelTests.Automation.csproj", "{4DE8CE4C-3683-3E1A-94E2-0793A1DEFAA3}"
EndProject
Project("{FAE04EC0-301F-11D3-BF4B-00C04F79EFBC}") = "Mac.Automation", "D:\UE\UE_5.3\Engine\Source\Programs\AutomationTool\Mac\Mac.Automation.csproj", "{4B815649-EF1E-3630-A4AA-30D3C2387F5A}"
EndProject
Project("{FAE04EC0-301F-11D3-BF4B-00C04F79EFBC}") = "OneSkyLocalization.Automation", "D:\UE\UE_5.3\Engine\Source\Programs\AutomationTool\OneSkyLocalization\OneSkyLocalization.Automation.csproj", "{D3A81409-00BD-3378-B1FC-6B35315389DC}"
EndProject
Project("{FAE04EC0-301F-11D3-BF4B-00C04F79EFBC}") = "AutomationScripts.Automation", "D:\UE\UE_5.3\Engine\Source\Programs\AutomationTool\Scripts\AutomationScripts.Automation.csproj", "{C222F3D7-BCD9-30FB-A1DF-6E05A163F81C}"
EndProject
Project("{FAE04EC0-301F-11D3-BF4B-00C04F79EFBC}") = "SmartlingLocalization.Automation", "D:\UE\UE_5.3\Engine\Source\Programs\AutomationTool\SmartlingLocalization\SmartlingLocalization.Automation.csproj", "{FF90DC59-2000-369B-998B-502336233C49}"
EndProject
Project("{FAE04EC0-301F-11D3-BF4B-00C04F79EFBC}") = "SteamDeck.Automation", "D:\UE\UE_5.3\Engine\Source\Programs\AutomationTool\SteamDeck\SteamDeck.Automation.csproj", "{4A4EA07B-906F-348A-84CD-DD5E36F8AAC2}"
EndProject
Project("{FAE04EC0-301F-11D3-BF4B-00C04F79EFBC}") = "TVOS.Automation", "D:\UE\UE_5.3\Engine\Source\Programs\AutomationTool\TVOS\TVOS.Automation.csproj", "{C67AC0DC-994C-3CED-AE03-EFAE3C86170C}"
EndProject
Project("{FAE04EC0-301F-11D3-BF4B-00C04F79EFBC}") = "Turnkey.Automation", "D:\UE\UE_5.3\Engine\Source\Programs\AutomationTool\Turnkey\Turnkey.Automation.csproj", "{147A0E95-10B0-36BB-9C33-8179B423146D}"
EndProject
Project("{FAE04EC0-301F-11D3-BF4B-00C04F79EFBC}") = "Win.Automation", "D:\UE\UE_5.3\Engine\Source\Programs\AutomationTool\Win\Win.Automation.csproj", "{8B1BF7B6-112E-306A-90D1-EFF0C57A1361}"
EndProject
Project("{FAE04EC0-301F-11D3-BF4B-00C04F79EFBC}") = "XLocLocalization.Automation", "D:\UE\UE_5.3\Engine\Source\Programs\AutomationTool\XLocLocalization\XLocLocalization.Automation.csproj", "{E2FBF759-20B3-3142-AE77-2BE3E6F82567}"
EndProject
Project("{FAE04EC0-301F-11D3-BF4B-00C04F79EFBC}") = "ScriptGeneratorUbtPlugin.ubtplugin", "D:\UE\UE_5.3\Engine\Plugins\ScriptPlugin\Source\ScriptGeneratorUbtPlugin\ScriptGeneratorUbtPlugin.ubtplugin.csproj", "{DE7C61C3-7CD3-38B2-ADB2-09AAE9A9B520}"
EndProject
Project("{FAE04EC0-301F-11D3-BF4B-00C04F79EFBC}") = "EpicGames.AspNet", "D:\UE\UE_5.3\Engine\Source\Programs\Shared\EpicGames.AspNet\EpicGames.AspNet.csproj", "{199FF7F9-E8F3-34CA-91E1-0848D1306393}"
EndProject
Project("{FAE04EC0-301F-11D3-BF4B-00C04F79EFBC}") = "EpicGames.Box", "D:\UE\UE_5.3\Engine\Source\Programs\Shared\EpicGames.Box\EpicGames.Box.csproj", "{28132F42-C2DC-326B-B70A-7AA5D3C84E12}"
EndProject
Project("{FAE04EC0-301F-11D3-BF4B-00C04F79EFBC}") = "EpicGames.Build", "D:\UE\UE_5.3\Engine\Source\Programs\Shared\EpicGames.Build\EpicGames.Build.csproj", "{959A22F3-BC24-38BA-A4C2-F48D0FA89CF8}"
EndProject
Project("{FAE04EC0-301F-11D3-BF4B-00C04F79EFBC}") = "EpicGames.BuildGraph", "D:\UE\UE_5.3\Engine\Source\Programs\Shared\EpicGames.BuildGraph\EpicGames.BuildGraph.csproj", "{633E19AF-6369-3489-A057-70398A816D5B}"
EndProject
Project("{FAE04EC0-301F-11D3-BF4B-00C04F79EFBC}") = "EpicGames.Core", "D:\UE\UE_5.3\Engine\Source\Programs\Shared\EpicGames.Core\EpicGames.Core.csproj", "{3F7B48B9-D9BA-3C14-A232-4890AF7DBCBC}"
EndProject
Project("{FAE04EC0-301F-11D3-BF4B-00C04F79EFBC}") = "EpicGames.Horde", "D:\UE\UE_5.3\Engine\Source\Programs\Shared\EpicGames.Horde\EpicGames.Horde.csproj", "{95355A65-7511-32A8-A408-1CD1485531A1}"
EndProject
Project("{FAE04EC0-301F-11D3-BF4B-00C04F79EFBC}") = "EpicGames.IoHash", "D:\UE\UE_5.3\Engine\Source\Programs\Shared\EpicGames.IoHash\EpicGames.IoHash.csproj", "{46E99AD2-FD4A-3428-989E-487CD63154DB}"
EndProject
Project("{FAE04EC0-301F-11D3-BF4B-00C04F79EFBC}") = "EpicGames.Jupiter", "D:\UE\UE_5.3\Engine\Source\Programs\Shared\EpicGames.Jupiter\EpicGames.Jupiter.csproj", "{45CFE64C-8A6F-356D-81BE-0CFEFE571440}"
EndProject
Project("{FAE04EC0-301F-11D3-BF4B-00C04F79EFBC}") = "EpicGames.MongoDB", "D:\UE\UE_5.3\Engine\Source\Programs\Shared\EpicGames.MongoDB\EpicGames.MongoDB.csproj", "{EDAEFF81-3C2C-3A39-B458-118B0FEBBB9B}"
EndProject
Project("{FAE04EC0-301F-11D3-BF4B-00C04F79EFBC}") = "EpicGames.MsBuild", "D:\UE\UE_5.3\Engine\Source\Programs\Shared\EpicGames.MsBuild\EpicGames.MsBuild.csproj", "{84679CD3-A6D0-38BD-ADAB-D33666E4F8BE}"
EndProject
Project("{FAE04EC0-301F-11D3-BF4B-00C04F79EFBC}") = "EpicGames.OIDC", "D:\UE\UE_5.3\Engine\Source\Programs\Shared\EpicGames.OIDC\EpicGames.OIDC.csproj", "{54F0A1BA-9279-3289-84CB-58EDD6E42888}"
EndProject
Project("{FAE04EC0-301F-11D3-BF4B-00C04F79EFBC}") = "EpicGames.Oodle", "D:\UE\UE_5.3\Engine\Source\Programs\Shared\EpicGames.Oodle\EpicGames.Oodle.csproj", "{61A96434-4478-31A4-B79A-7C0DF1D561E0}"
EndProject
Project("{FAE04EC0-301F-11D3-BF4B-00C04F79EFBC}") = "EpicGames.Perforce", "D:\UE\UE_5.3\Engine\Source\Programs\Shared\EpicGames.Perforce\EpicGames.Perforce.csproj", "{6DCFDC23-96C9-37D6-A369-3032140D111B}"
EndProject
Project("{FAE04EC0-301F-11D3-BF4B-00C04F79EFBC}") = "EpicGames.Perforce.Fixture", "D:\UE\UE_5.3\Engine\Source\Programs\Shared\EpicGames.Perforce.Fixture\EpicGames.Perforce.Fixture.csproj", "{C9A12280-B9F5-3134-84D9-37E4C426AE4B}"
EndProject
Project("{FAE04EC0-301F-11D3-BF4B-00C04F79EFBC}") = "EpicGames.Perforce.Managed", "D:\UE\UE_5.3\Engine\Source\Programs\Shared\EpicGames.Perforce.Managed\EpicGames.Perforce.Managed.csproj", "{94B98863-DB26-332F-9D0C-800E1BF683B4}"
EndProject
Project("{FAE04EC0-301F-11D3-BF4B-00C04F79EFBC}") = "EpicGames.Redis", "D:\UE\UE_5.3\Engine\Source\Programs\Shared\EpicGames.Redis\EpicGames.Redis.csproj", "{3B996620-453F-3814-BBAC-FBBF52D743F7}"
EndProject
Project("{FAE04EC0-301F-11D3-BF4B-00C04F79EFBC}") = "EpicGames.Serialization", "D:\UE\UE_5.3\Engine\Source\Programs\Shared\EpicGames.Serialization\EpicGames.Serialization.csproj", "{6BBCEF97-E7E7-3909-9A45-772F938A4F9F}"
EndProject
Project("{FAE04EC0-301F-11D3-BF4B-00C04F79EFBC}") = "EpicGames.Slack", "D:\UE\UE_5.3\Engine\Source\Programs\Shared\EpicGames.Slack\EpicGames.Slack.csproj", "{4ABDE3E3-5FEF-3ED4-BC31-6F2F5D23BA1A}"
EndProject
Project("{FAE04EC0-301F-11D3-BF4B-00C04F79EFBC}") = "EpicGames.Tracing", "D:\UE\UE_5.3\Engine\Source\Programs\Shared\EpicGames.Tracing\EpicGames.Tracing.csproj", "{38A611C2-5388-3DBD-8E99-BC5F752B2048}"
EndProject
Project("{FAE04EC0-301F-11D3-BF4B-00C04F79EFBC}") = "EpicGames.UHT", "D:\UE\UE_5.3\Engine\Source\Programs\Shared\EpicGames.UHT\EpicGames.UHT.csproj", "{C58C5E7B-4E00-3BD4-80F3-F64DF6125F49}"
EndProject
Project("{FAE04EC0-301F-11D3-BF4B-00C04F79EFBC}") = "SPD_Spel1ModuleRules", "Intermediate\Build\BuildRulesProjects\SPD_Spel1ModuleRules\SPD_Spel1ModuleRules.csproj", "{E414A097-3549-3822-91FC-61D44EEFB4AF}"
EndProject
Project("{FAE04EC0-301F-11D3-BF4B-00C04F79EFBC}") = "UE5ProgramRules", "D:\UE\UE_5.3\Engine\Intermediate\Build\BuildRulesProjects\UE5ProgramRules\UE5ProgramRules.csproj", "{0C3711D7-BA70-31C6-B0C9-19EE344B6506}"
EndProject
Project("{FAE04EC0-301F-11D3-BF4B-00C04F79EFBC}") = "UE5Rules", "D:\UE\UE_5.3\Engine\Intermediate\Build\BuildRulesProjects\UE5Rules\UE5Rules.csproj", "{E28B5224-DDCE-35F9-AE12-B8D31548C932}"
EndProject
Project("{2150E333-8FDC-42A3-9474-1A3956D46DE8}") = "Visualizers", "Visualizers", "{1CCEC849-CC72-4C59-8C36-2F7C38706D4C}"
	ProjectSection(SolutionItems) = preProject
		D:\UE\UE_5.3\Engine\Extras\VisualStudioDebugging\Unreal.natvis = D:\UE\UE_5.3\Engine\Extras\VisualStudioDebugging\Unreal.natvis
		D:\UE\UE_5.3\Engine\Extras\VisualStudioDebugging\Unreal.natstepfilter = D:\UE\UE_5.3\Engine\Extras\VisualStudioDebugging\Unreal.natstepfilter
	EndProjectSection
EndProject
Global
	GlobalSection(SolutionConfigurationPlatforms) = preSolution
		DebugGame Editor|Win64 = DebugGame Editor|Win64
		DebugGame|Win64 = DebugGame|Win64
		Development Editor|Win64 = Development Editor|Win64
		Development|Win64 = Development|Win64
		Shipping|Win64 = Shipping|Win64
	EndGlobalSection
	# UnrealVS Section
	GlobalSection(ddbf523f-7eb6-4887-bd51-85a714ff87eb) = preSolution
		AvailablePlatforms=Win64
	EndGlobalSection
	GlobalSection(ProjectConfigurationPlatforms) = postSolution
		{7C0763B5-28CF-320F-AAC1-BE115058D101}.DebugGame Editor|Win64.ActiveCfg = DebugGame_Editor|x64
		{7C0763B5-28CF-320F-AAC1-BE115058D101}.DebugGame Editor|Win64.Build.0 = DebugGame_Editor|x64
		{7C0763B5-28CF-320F-AAC1-BE115058D101}.DebugGame|Win64.ActiveCfg = DebugGame|x64
		{7C0763B5-28CF-320F-AAC1-BE115058D101}.DebugGame|Win64.Build.0 = DebugGame|x64
		{7C0763B5-28CF-320F-AAC1-BE115058D101}.Development Editor|Win64.ActiveCfg = Development_Editor|x64
		{7C0763B5-28CF-320F-AAC1-BE115058D101}.Development Editor|Win64.Build.0 = Development_Editor|x64
		{7C0763B5-28CF-320F-AAC1-BE115058D101}.Development|Win64.ActiveCfg = Development|x64
		{7C0763B5-28CF-320F-AAC1-BE115058D101}.Development|Win64.Build.0 = Development|x64
		{7C0763B5-28CF-320F-AAC1-BE115058D101}.Shipping|Win64.ActiveCfg = Shipping|x64
		{7C0763B5-28CF-320F-AAC1-BE115058D101}.Shipping|Win64.Build.0 = Shipping|x64
		{D71A1686-C6A2-3D24-B76A-FF35A4F65A03}.DebugGame Editor|Win64.ActiveCfg = BuiltWithUnrealBuildTool|Win64
		{D71A1686-C6A2-3D24-B76A-FF35A4F65A03}.DebugGame|Win64.ActiveCfg = BuiltWithUnrealBuildTool|Win64
		{D71A1686-C6A2-3D24-B76A-FF35A4F65A03}.Development Editor|Win64.ActiveCfg = BuiltWithUnrealBuildTool|Win64
		{D71A1686-C6A2-3D24-B76A-FF35A4F65A03}.Development|Win64.ActiveCfg = BuiltWithUnrealBuildTool|Win64
		{D71A1686-C6A2-3D24-B76A-FF35A4F65A03}.Shipping|Win64.ActiveCfg = BuiltWithUnrealBuildTool|Win64
		{018B1861-EFC9-36A8-8939-F0FF0856C800}.DebugGame Editor|Win64.ActiveCfg = Development|Any CPU
		{018B1861-EFC9-36A8-8939-F0FF0856C800}.DebugGame Editor|Win64.Build.0 = Development|Any CPU
		{018B1861-EFC9-36A8-8939-F0FF0856C800}.DebugGame|Win64.ActiveCfg = Development|Any CPU
		{018B1861-EFC9-36A8-8939-F0FF0856C800}.DebugGame|Win64.Build.0 = Development|Any CPU
		{018B1861-EFC9-36A8-8939-F0FF0856C800}.Development Editor|Win64.ActiveCfg = Development|Any CPU
		{018B1861-EFC9-36A8-8939-F0FF0856C800}.Development Editor|Win64.Build.0 = Development|Any CPU
		{018B1861-EFC9-36A8-8939-F0FF0856C800}.Development|Win64.ActiveCfg = Development|Any CPU
		{018B1861-EFC9-36A8-8939-F0FF0856C800}.Development|Win64.Build.0 = Development|Any CPU
		{018B1861-EFC9-36A8-8939-F0FF0856C800}.Shipping|Win64.ActiveCfg = Development|Any CPU
		{018B1861-EFC9-36A8-8939-F0FF0856C800}.Shipping|Win64.Build.0 = Development|Any CPU
		{FFFBA05A-BC22-3DA2-A811-CAD76FE88415}.DebugGame Editor|Win64.ActiveCfg = Development|Any CPU
		{FFFBA05A-BC22-3DA2-A811-CAD76FE88415}.DebugGame Editor|Win64.Build.0 = Development|Any CPU
		{FFFBA05A-BC22-3DA2-A811-CAD76FE88415}.DebugGame|Win64.ActiveCfg = Development|Any CPU
		{FFFBA05A-BC22-3DA2-A811-CAD76FE88415}.DebugGame|Win64.Build.0 = Development|Any CPU
		{FFFBA05A-BC22-3DA2-A811-CAD76FE88415}.Development Editor|Win64.ActiveCfg = Development|Any CPU
		{FFFBA05A-BC22-3DA2-A811-CAD76FE88415}.Development Editor|Win64.Build.0 = Development|Any CPU
		{FFFBA05A-BC22-3DA2-A811-CAD76FE88415}.Development|Win64.ActiveCfg = Development|Any CPU
		{FFFBA05A-BC22-3DA2-A811-CAD76FE88415}.Development|Win64.Build.0 = Development|Any CPU
		{FFFBA05A-BC22-3DA2-A811-CAD76FE88415}.Shipping|Win64.ActiveCfg = Development|Any CPU
		{FFFBA05A-BC22-3DA2-A811-CAD76FE88415}.Shipping|Win64.Build.0 = Development|Any CPU
		{6A0E603C-32AE-369E-B12B-187833978EBC}.DebugGame Editor|Win64.ActiveCfg = Development|Any CPU
		{6A0E603C-32AE-369E-B12B-187833978EBC}.DebugGame Editor|Win64.Build.0 = Development|Any CPU
		{6A0E603C-32AE-369E-B12B-187833978EBC}.DebugGame|Win64.ActiveCfg = Development|Any CPU
		{6A0E603C-32AE-369E-B12B-187833978EBC}.DebugGame|Win64.Build.0 = Development|Any CPU
		{6A0E603C-32AE-369E-B12B-187833978EBC}.Development Editor|Win64.ActiveCfg = Development|Any CPU
		{6A0E603C-32AE-369E-B12B-187833978EBC}.Development Editor|Win64.Build.0 = Development|Any CPU
		{6A0E603C-32AE-369E-B12B-187833978EBC}.Development|Win64.ActiveCfg = Development|Any CPU
		{6A0E603C-32AE-369E-B12B-187833978EBC}.Development|Win64.Build.0 = Development|Any CPU
		{6A0E603C-32AE-369E-B12B-187833978EBC}.Shipping|Win64.ActiveCfg = Development|Any CPU
		{6A0E603C-32AE-369E-B12B-187833978EBC}.Shipping|Win64.Build.0 = Development|Any CPU
		{E29A138E-A917-35CC-B2E1-BB98F0FE0832}.DebugGame Editor|Win64.ActiveCfg = Development|Any CPU
		{E29A138E-A917-35CC-B2E1-BB98F0FE0832}.DebugGame Editor|Win64.Build.0 = Development|Any CPU
		{E29A138E-A917-35CC-B2E1-BB98F0FE0832}.DebugGame|Win64.ActiveCfg = Development|Any CPU
		{E29A138E-A917-35CC-B2E1-BB98F0FE0832}.DebugGame|Win64.Build.0 = Development|Any CPU
		{E29A138E-A917-35CC-B2E1-BB98F0FE0832}.Development Editor|Win64.ActiveCfg = Development|Any CPU
		{E29A138E-A917-35CC-B2E1-BB98F0FE0832}.Development Editor|Win64.Build.0 = Development|Any CPU
		{E29A138E-A917-35CC-B2E1-BB98F0FE0832}.Development|Win64.ActiveCfg = Development|Any CPU
		{E29A138E-A917-35CC-B2E1-BB98F0FE0832}.Development|Win64.Build.0 = Development|Any CPU
		{E29A138E-A917-35CC-B2E1-BB98F0FE0832}.Shipping|Win64.ActiveCfg = Development|Any CPU
		{E29A138E-A917-35CC-B2E1-BB98F0FE0832}.Shipping|Win64.Build.0 = Development|Any CPU
		{40A49EC0-2BFD-3D23-9424-4916E605ACD7}.DebugGame Editor|Win64.ActiveCfg = Development|Any CPU
		{40A49EC0-2BFD-3D23-9424-4916E605ACD7}.DebugGame Editor|Win64.Build.0 = Development|Any CPU
		{40A49EC0-2BFD-3D23-9424-4916E605ACD7}.DebugGame|Win64.ActiveCfg = Development|Any CPU
		{40A49EC0-2BFD-3D23-9424-4916E605ACD7}.DebugGame|Win64.Build.0 = Development|Any CPU
		{40A49EC0-2BFD-3D23-9424-4916E605ACD7}.Development Editor|Win64.ActiveCfg = Development|Any CPU
		{40A49EC0-2BFD-3D23-9424-4916E605ACD7}.Development Editor|Win64.Build.0 = Development|Any CPU
		{40A49EC0-2BFD-3D23-9424-4916E605ACD7}.Development|Win64.ActiveCfg = Development|Any CPU
		{40A49EC0-2BFD-3D23-9424-4916E605ACD7}.Development|Win64.Build.0 = Development|Any CPU
		{40A49EC0-2BFD-3D23-9424-4916E605ACD7}.Shipping|Win64.ActiveCfg = Development|Any CPU
		{40A49EC0-2BFD-3D23-9424-4916E605ACD7}.Shipping|Win64.Build.0 = Development|Any CPU
		{3EC5BB9F-87D9-344F-982E-BDF5D538B6AB}.DebugGame Editor|Win64.ActiveCfg = Development|Any CPU
		{3EC5BB9F-87D9-344F-982E-BDF5D538B6AB}.DebugGame Editor|Win64.Build.0 = Development|Any CPU
		{3EC5BB9F-87D9-344F-982E-BDF5D538B6AB}.DebugGame|Win64.ActiveCfg = Development|Any CPU
		{3EC5BB9F-87D9-344F-982E-BDF5D538B6AB}.DebugGame|Win64.Build.0 = Development|Any CPU
		{3EC5BB9F-87D9-344F-982E-BDF5D538B6AB}.Development Editor|Win64.ActiveCfg = Development|Any CPU
		{3EC5BB9F-87D9-344F-982E-BDF5D538B6AB}.Development Editor|Win64.Build.0 = Development|Any CPU
		{3EC5BB9F-87D9-344F-982E-BDF5D538B6AB}.Development|Win64.ActiveCfg = Development|Any CPU
		{3EC5BB9F-87D9-344F-982E-BDF5D538B6AB}.Development|Win64.Build.0 = Development|Any CPU
		{3EC5BB9F-87D9-344F-982E-BDF5D538B6AB}.Shipping|Win64.ActiveCfg = Development|Any CPU
		{3EC5BB9F-87D9-344F-982E-BDF5D538B6AB}.Shipping|Win64.Build.0 = Development|Any CPU
		{B4F7AF73-2781-3AA8-AFAF-CC6710251EBC}.DebugGame Editor|Win64.ActiveCfg = Development|Any CPU
		{B4F7AF73-2781-3AA8-AFAF-CC6710251EBC}.DebugGame Editor|Win64.Build.0 = Development|Any CPU
		{B4F7AF73-2781-3AA8-AFAF-CC6710251EBC}.DebugGame|Win64.ActiveCfg = Development|Any CPU
		{B4F7AF73-2781-3AA8-AFAF-CC6710251EBC}.DebugGame|Win64.Build.0 = Development|Any CPU
		{B4F7AF73-2781-3AA8-AFAF-CC6710251EBC}.Development Editor|Win64.ActiveCfg = Development|Any CPU
		{B4F7AF73-2781-3AA8-AFAF-CC6710251EBC}.Development Editor|Win64.Build.0 = Development|Any CPU
		{B4F7AF73-2781-3AA8-AFAF-CC6710251EBC}.Development|Win64.ActiveCfg = Development|Any CPU
		{B4F7AF73-2781-3AA8-AFAF-CC6710251EBC}.Development|Win64.Build.0 = Development|Any CPU
		{B4F7AF73-2781-3AA8-AFAF-CC6710251EBC}.Shipping|Win64.ActiveCfg = Development|Any CPU
		{B4F7AF73-2781-3AA8-AFAF-CC6710251EBC}.Shipping|Win64.Build.0 = Development|Any CPU
		{3E1ADE78-3ACF-3CC5-A0ED-82D533EA3735}.DebugGame Editor|Win64.ActiveCfg = Development|Any CPU
		{3E1ADE78-3ACF-3CC5-A0ED-82D533EA3735}.DebugGame Editor|Win64.Build.0 = Development|Any CPU
		{3E1ADE78-3ACF-3CC5-A0ED-82D533EA3735}.DebugGame|Win64.ActiveCfg = Development|Any CPU
		{3E1ADE78-3ACF-3CC5-A0ED-82D533EA3735}.DebugGame|Win64.Build.0 = Development|Any CPU
		{3E1ADE78-3ACF-3CC5-A0ED-82D533EA3735}.Development Editor|Win64.ActiveCfg = Development|Any CPU
		{3E1ADE78-3ACF-3CC5-A0ED-82D533EA3735}.Development Editor|Win64.Build.0 = Development|Any CPU
		{3E1ADE78-3ACF-3CC5-A0ED-82D533EA3735}.Development|Win64.ActiveCfg = Development|Any CPU
		{3E1ADE78-3ACF-3CC5-A0ED-82D533EA3735}.Development|Win64.Build.0 = Development|Any CPU
		{3E1ADE78-3ACF-3CC5-A0ED-82D533EA3735}.Shipping|Win64.ActiveCfg = Development|Any CPU
		{3E1ADE78-3ACF-3CC5-A0ED-82D533EA3735}.Shipping|Win64.Build.0 = Development|Any CPU
		{ACF2ED16-A93F-32CA-93DC-BA31BE3A52B5}.DebugGame Editor|Win64.ActiveCfg = Development|Any CPU
		{ACF2ED16-A93F-32CA-93DC-BA31BE3A52B5}.DebugGame Editor|Win64.Build.0 = Development|Any CPU
		{ACF2ED16-A93F-32CA-93DC-BA31BE3A52B5}.DebugGame|Win64.ActiveCfg = Development|Any CPU
		{ACF2ED16-A93F-32CA-93DC-BA31BE3A52B5}.DebugGame|Win64.Build.0 = Development|Any CPU
		{ACF2ED16-A93F-32CA-93DC-BA31BE3A52B5}.Development Editor|Win64.ActiveCfg = Development|Any CPU
		{ACF2ED16-A93F-32CA-93DC-BA31BE3A52B5}.Development Editor|Win64.Build.0 = Development|Any CPU
		{ACF2ED16-A93F-32CA-93DC-BA31BE3A52B5}.Development|Win64.ActiveCfg = Development|Any CPU
		{ACF2ED16-A93F-32CA-93DC-BA31BE3A52B5}.Development|Win64.Build.0 = Development|Any CPU
		{ACF2ED16-A93F-32CA-93DC-BA31BE3A52B5}.Shipping|Win64.ActiveCfg = Development|Any CPU
		{ACF2ED16-A93F-32CA-93DC-BA31BE3A52B5}.Shipping|Win64.Build.0 = Development|Any CPU
		{90F2AC81-42D8-381C-94B3-66A32AA0DAE5}.DebugGame Editor|Win64.ActiveCfg = Development|Any CPU
		{90F2AC81-42D8-381C-94B3-66A32AA0DAE5}.DebugGame Editor|Win64.Build.0 = Development|Any CPU
		{90F2AC81-42D8-381C-94B3-66A32AA0DAE5}.DebugGame|Win64.ActiveCfg = Development|Any CPU
		{90F2AC81-42D8-381C-94B3-66A32AA0DAE5}.DebugGame|Win64.Build.0 = Development|Any CPU
		{90F2AC81-42D8-381C-94B3-66A32AA0DAE5}.Development Editor|Win64.ActiveCfg = Development|Any CPU
		{90F2AC81-42D8-381C-94B3-66A32AA0DAE5}.Development Editor|Win64.Build.0 = Development|Any CPU
		{90F2AC81-42D8-381C-94B3-66A32AA0DAE5}.Development|Win64.ActiveCfg = Development|Any CPU
		{90F2AC81-42D8-381C-94B3-66A32AA0DAE5}.Development|Win64.Build.0 = Development|Any CPU
		{90F2AC81-42D8-381C-94B3-66A32AA0DAE5}.Shipping|Win64.ActiveCfg = Development|Any CPU
		{90F2AC81-42D8-381C-94B3-66A32AA0DAE5}.Shipping|Win64.Build.0 = Development|Any CPU
		{5F2DD492-94FD-3246-B886-ABBCE217D8F5}.DebugGame Editor|Win64.ActiveCfg = Development|Any CPU
		{5F2DD492-94FD-3246-B886-ABBCE217D8F5}.DebugGame Editor|Win64.Build.0 = Development|Any CPU
		{5F2DD492-94FD-3246-B886-ABBCE217D8F5}.DebugGame|Win64.ActiveCfg = Development|Any CPU
		{5F2DD492-94FD-3246-B886-ABBCE217D8F5}.DebugGame|Win64.Build.0 = Development|Any CPU
		{5F2DD492-94FD-3246-B886-ABBCE217D8F5}.Development Editor|Win64.ActiveCfg = Development|Any CPU
		{5F2DD492-94FD-3246-B886-ABBCE217D8F5}.Development Editor|Win64.Build.0 = Development|Any CPU
		{5F2DD492-94FD-3246-B886-ABBCE217D8F5}.Development|Win64.ActiveCfg = Development|Any CPU
		{5F2DD492-94FD-3246-B886-ABBCE217D8F5}.Development|Win64.Build.0 = Development|Any CPU
		{5F2DD492-94FD-3246-B886-ABBCE217D8F5}.Shipping|Win64.ActiveCfg = Development|Any CPU
		{5F2DD492-94FD-3246-B886-ABBCE217D8F5}.Shipping|Win64.Build.0 = Development|Any CPU
		{629314C6-1150-3C46-9624-CD64C1513BA0}.DebugGame Editor|Win64.ActiveCfg = Development|Any CPU
		{629314C6-1150-3C46-9624-CD64C1513BA0}.DebugGame Editor|Win64.Build.0 = Development|Any CPU
		{629314C6-1150-3C46-9624-CD64C1513BA0}.DebugGame|Win64.ActiveCfg = Development|Any CPU
		{629314C6-1150-3C46-9624-CD64C1513BA0}.DebugGame|Win64.Build.0 = Development|Any CPU
		{629314C6-1150-3C46-9624-CD64C1513BA0}.Development Editor|Win64.ActiveCfg = Development|Any CPU
		{629314C6-1150-3C46-9624-CD64C1513BA0}.Development Editor|Win64.Build.0 = Development|Any CPU
		{629314C6-1150-3C46-9624-CD64C1513BA0}.Development|Win64.ActiveCfg = Development|Any CPU
		{629314C6-1150-3C46-9624-CD64C1513BA0}.Development|Win64.Build.0 = Development|Any CPU
		{629314C6-1150-3C46-9624-CD64C1513BA0}.Shipping|Win64.ActiveCfg = Development|Any CPU
		{629314C6-1150-3C46-9624-CD64C1513BA0}.Shipping|Win64.Build.0 = Development|Any CPU
		{4DE8CE4C-3683-3E1A-94E2-0793A1DEFAA3}.DebugGame Editor|Win64.ActiveCfg = Development|Any CPU
		{4DE8CE4C-3683-3E1A-94E2-0793A1DEFAA3}.DebugGame Editor|Win64.Build.0 = Development|Any CPU
		{4DE8CE4C-3683-3E1A-94E2-0793A1DEFAA3}.DebugGame|Win64.ActiveCfg = Development|Any CPU
		{4DE8CE4C-3683-3E1A-94E2-0793A1DEFAA3}.DebugGame|Win64.Build.0 = Development|Any CPU
		{4DE8CE4C-3683-3E1A-94E2-0793A1DEFAA3}.Development Editor|Win64.ActiveCfg = Development|Any CPU
		{4DE8CE4C-3683-3E1A-94E2-0793A1DEFAA3}.Development Editor|Win64.Build.0 = Development|Any CPU
		{4DE8CE4C-3683-3E1A-94E2-0793A1DEFAA3}.Development|Win64.ActiveCfg = Development|Any CPU
		{4DE8CE4C-3683-3E1A-94E2-0793A1DEFAA3}.Development|Win64.Build.0 = Development|Any CPU
		{4DE8CE4C-3683-3E1A-94E2-0793A1DEFAA3}.Shipping|Win64.ActiveCfg = Development|Any CPU
		{4DE8CE4C-3683-3E1A-94E2-0793A1DEFAA3}.Shipping|Win64.Build.0 = Development|Any CPU
		{4B815649-EF1E-3630-A4AA-30D3C2387F5A}.DebugGame Editor|Win64.ActiveCfg = Development|Any CPU
		{4B815649-EF1E-3630-A4AA-30D3C2387F5A}.DebugGame Editor|Win64.Build.0 = Development|Any CPU
		{4B815649-EF1E-3630-A4AA-30D3C2387F5A}.DebugGame|Win64.ActiveCfg = Development|Any CPU
		{4B815649-EF1E-3630-A4AA-30D3C2387F5A}.DebugGame|Win64.Build.0 = Development|Any CPU
		{4B815649-EF1E-3630-A4AA-30D3C2387F5A}.Development Editor|Win64.ActiveCfg = Development|Any CPU
		{4B815649-EF1E-3630-A4AA-30D3C2387F5A}.Development Editor|Win64.Build.0 = Development|Any CPU
		{4B815649-EF1E-3630-A4AA-30D3C2387F5A}.Development|Win64.ActiveCfg = Development|Any CPU
		{4B815649-EF1E-3630-A4AA-30D3C2387F5A}.Development|Win64.Build.0 = Development|Any CPU
		{4B815649-EF1E-3630-A4AA-30D3C2387F5A}.Shipping|Win64.ActiveCfg = Development|Any CPU
		{4B815649-EF1E-3630-A4AA-30D3C2387F5A}.Shipping|Win64.Build.0 = Development|Any CPU
		{D3A81409-00BD-3378-B1FC-6B35315389DC}.DebugGame Editor|Win64.ActiveCfg = Development|Any CPU
		{D3A81409-00BD-3378-B1FC-6B35315389DC}.DebugGame Editor|Win64.Build.0 = Development|Any CPU
		{D3A81409-00BD-3378-B1FC-6B35315389DC}.DebugGame|Win64.ActiveCfg = Development|Any CPU
		{D3A81409-00BD-3378-B1FC-6B35315389DC}.DebugGame|Win64.Build.0 = Development|Any CPU
		{D3A81409-00BD-3378-B1FC-6B35315389DC}.Development Editor|Win64.ActiveCfg = Development|Any CPU
		{D3A81409-00BD-3378-B1FC-6B35315389DC}.Development Editor|Win64.Build.0 = Development|Any CPU
		{D3A81409-00BD-3378-B1FC-6B35315389DC}.Development|Win64.ActiveCfg = Development|Any CPU
		{D3A81409-00BD-3378-B1FC-6B35315389DC}.Development|Win64.Build.0 = Development|Any CPU
		{D3A81409-00BD-3378-B1FC-6B35315389DC}.Shipping|Win64.ActiveCfg = Development|Any CPU
		{D3A81409-00BD-3378-B1FC-6B35315389DC}.Shipping|Win64.Build.0 = Development|Any CPU
		{C222F3D7-BCD9-30FB-A1DF-6E05A163F81C}.DebugGame Editor|Win64.ActiveCfg = Development|Any CPU
		{C222F3D7-BCD9-30FB-A1DF-6E05A163F81C}.DebugGame Editor|Win64.Build.0 = Development|Any CPU
		{C222F3D7-BCD9-30FB-A1DF-6E05A163F81C}.DebugGame|Win64.ActiveCfg = Development|Any CPU
		{C222F3D7-BCD9-30FB-A1DF-6E05A163F81C}.DebugGame|Win64.Build.0 = Development|Any CPU
		{C222F3D7-BCD9-30FB-A1DF-6E05A163F81C}.Development Editor|Win64.ActiveCfg = Development|Any CPU
		{C222F3D7-BCD9-30FB-A1DF-6E05A163F81C}.Development Editor|Win64.Build.0 = Development|Any CPU
		{C222F3D7-BCD9-30FB-A1DF-6E05A163F81C}.Development|Win64.ActiveCfg = Development|Any CPU
		{C222F3D7-BCD9-30FB-A1DF-6E05A163F81C}.Development|Win64.Build.0 = Development|Any CPU
		{C222F3D7-BCD9-30FB-A1DF-6E05A163F81C}.Shipping|Win64.ActiveCfg = Development|Any CPU
		{C222F3D7-BCD9-30FB-A1DF-6E05A163F81C}.Shipping|Win64.Build.0 = Development|Any CPU
		{FF90DC59-2000-369B-998B-502336233C49}.DebugGame Editor|Win64.ActiveCfg = Development|Any CPU
		{FF90DC59-2000-369B-998B-502336233C49}.DebugGame Editor|Win64.Build.0 = Development|Any CPU
		{FF90DC59-2000-369B-998B-502336233C49}.DebugGame|Win64.ActiveCfg = Development|Any CPU
		{FF90DC59-2000-369B-998B-502336233C49}.DebugGame|Win64.Build.0 = Development|Any CPU
		{FF90DC59-2000-369B-998B-502336233C49}.Development Editor|Win64.ActiveCfg = Development|Any CPU
		{FF90DC59-2000-369B-998B-502336233C49}.Development Editor|Win64.Build.0 = Development|Any CPU
		{FF90DC59-2000-369B-998B-502336233C49}.Development|Win64.ActiveCfg = Development|Any CPU
		{FF90DC59-2000-369B-998B-502336233C49}.Development|Win64.Build.0 = Development|Any CPU
		{FF90DC59-2000-369B-998B-502336233C49}.Shipping|Win64.ActiveCfg = Development|Any CPU
		{FF90DC59-2000-369B-998B-502336233C49}.Shipping|Win64.Build.0 = Development|Any CPU
		{4A4EA07B-906F-348A-84CD-DD5E36F8AAC2}.DebugGame Editor|Win64.ActiveCfg = Development|Any CPU
		{4A4EA07B-906F-348A-84CD-DD5E36F8AAC2}.DebugGame Editor|Win64.Build.0 = Development|Any CPU
		{4A4EA07B-906F-348A-84CD-DD5E36F8AAC2}.DebugGame|Win64.ActiveCfg = Development|Any CPU
		{4A4EA07B-906F-348A-84CD-DD5E36F8AAC2}.DebugGame|Win64.Build.0 = Development|Any CPU
		{4A4EA07B-906F-348A-84CD-DD5E36F8AAC2}.Development Editor|Win64.ActiveCfg = Development|Any CPU
		{4A4EA07B-906F-348A-84CD-DD5E36F8AAC2}.Development Editor|Win64.Build.0 = Development|Any CPU
		{4A4EA07B-906F-348A-84CD-DD5E36F8AAC2}.Development|Win64.ActiveCfg = Development|Any CPU
		{4A4EA07B-906F-348A-84CD-DD5E36F8AAC2}.Development|Win64.Build.0 = Development|Any CPU
		{4A4EA07B-906F-348A-84CD-DD5E36F8AAC2}.Shipping|Win64.ActiveCfg = Development|Any CPU
		{4A4EA07B-906F-348A-84CD-DD5E36F8AAC2}.Shipping|Win64.Build.0 = Development|Any CPU
		{C67AC0DC-994C-3CED-AE03-EFAE3C86170C}.DebugGame Editor|Win64.ActiveCfg = Development|Any CPU
		{C67AC0DC-994C-3CED-AE03-EFAE3C86170C}.DebugGame Editor|Win64.Build.0 = Development|Any CPU
		{C67AC0DC-994C-3CED-AE03-EFAE3C86170C}.DebugGame|Win64.ActiveCfg = Development|Any CPU
		{C67AC0DC-994C-3CED-AE03-EFAE3C86170C}.DebugGame|Win64.Build.0 = Development|Any CPU
		{C67AC0DC-994C-3CED-AE03-EFAE3C86170C}.Development Editor|Win64.ActiveCfg = Development|Any CPU
		{C67AC0DC-994C-3CED-AE03-EFAE3C86170C}.Development Editor|Win64.Build.0 = Development|Any CPU
		{C67AC0DC-994C-3CED-AE03-EFAE3C86170C}.Development|Win64.ActiveCfg = Development|Any CPU
		{C67AC0DC-994C-3CED-AE03-EFAE3C86170C}.Development|Win64.Build.0 = Development|Any CPU
		{C67AC0DC-994C-3CED-AE03-EFAE3C86170C}.Shipping|Win64.ActiveCfg = Development|Any CPU
		{C67AC0DC-994C-3CED-AE03-EFAE3C86170C}.Shipping|Win64.Build.0 = Development|Any CPU
		{147A0E95-10B0-36BB-9C33-8179B423146D}.DebugGame Editor|Win64.ActiveCfg = Development|Any CPU
		{147A0E95-10B0-36BB-9C33-8179B423146D}.DebugGame Editor|Win64.Build.0 = Development|Any CPU
		{147A0E95-10B0-36BB-9C33-8179B423146D}.DebugGame|Win64.ActiveCfg = Development|Any CPU
		{147A0E95-10B0-36BB-9C33-8179B423146D}.DebugGame|Win64.Build.0 = Development|Any CPU
		{147A0E95-10B0-36BB-9C33-8179B423146D}.Development Editor|Win64.ActiveCfg = Development|Any CPU
		{147A0E95-10B0-36BB-9C33-8179B423146D}.Development Editor|Win64.Build.0 = Development|Any CPU
		{147A0E95-10B0-36BB-9C33-8179B423146D}.Development|Win64.ActiveCfg = Development|Any CPU
		{147A0E95-10B0-36BB-9C33-8179B423146D}.Development|Win64.Build.0 = Development|Any CPU
		{147A0E95-10B0-36BB-9C33-8179B423146D}.Shipping|Win64.ActiveCfg = Development|Any CPU
		{147A0E95-10B0-36BB-9C33-8179B423146D}.Shipping|Win64.Build.0 = Development|Any CPU
		{8B1BF7B6-112E-306A-90D1-EFF0C57A1361}.DebugGame Editor|Win64.ActiveCfg = Development|Any CPU
		{8B1BF7B6-112E-306A-90D1-EFF0C57A1361}.DebugGame Editor|Win64.Build.0 = Development|Any CPU
		{8B1BF7B6-112E-306A-90D1-EFF0C57A1361}.DebugGame|Win64.ActiveCfg = Development|Any CPU
		{8B1BF7B6-112E-306A-90D1-EFF0C57A1361}.DebugGame|Win64.Build.0 = Development|Any CPU
		{8B1BF7B6-112E-306A-90D1-EFF0C57A1361}.Development Editor|Win64.ActiveCfg = Development|Any CPU
		{8B1BF7B6-112E-306A-90D1-EFF0C57A1361}.Development Editor|Win64.Build.0 = Development|Any CPU
		{8B1BF7B6-112E-306A-90D1-EFF0C57A1361}.Development|Win64.ActiveCfg = Development|Any CPU
		{8B1BF7B6-112E-306A-90D1-EFF0C57A1361}.Development|Win64.Build.0 = Development|Any CPU
		{8B1BF7B6-112E-306A-90D1-EFF0C57A1361}.Shipping|Win64.ActiveCfg = Development|Any CPU
		{8B1BF7B6-112E-306A-90D1-EFF0C57A1361}.Shipping|Win64.Build.0 = Development|Any CPU
		{E2FBF759-20B3-3142-AE77-2BE3E6F82567}.DebugGame Editor|Win64.ActiveCfg = Development|Any CPU
		{E2FBF759-20B3-3142-AE77-2BE3E6F82567}.DebugGame Editor|Win64.Build.0 = Development|Any CPU
		{E2FBF759-20B3-3142-AE77-2BE3E6F82567}.DebugGame|Win64.ActiveCfg = Development|Any CPU
		{E2FBF759-20B3-3142-AE77-2BE3E6F82567}.DebugGame|Win64.Build.0 = Development|Any CPU
		{E2FBF759-20B3-3142-AE77-2BE3E6F82567}.Development Editor|Win64.ActiveCfg = Development|Any CPU
		{E2FBF759-20B3-3142-AE77-2BE3E6F82567}.Development Editor|Win64.Build.0 = Development|Any CPU
		{E2FBF759-20B3-3142-AE77-2BE3E6F82567}.Development|Win64.ActiveCfg = Development|Any CPU
		{E2FBF759-20B3-3142-AE77-2BE3E6F82567}.Development|Win64.Build.0 = Development|Any CPU
		{E2FBF759-20B3-3142-AE77-2BE3E6F82567}.Shipping|Win64.ActiveCfg = Development|Any CPU
		{E2FBF759-20B3-3142-AE77-2BE3E6F82567}.Shipping|Win64.Build.0 = Development|Any CPU
		{DE7C61C3-7CD3-38B2-ADB2-09AAE9A9B520}.DebugGame Editor|Win64.ActiveCfg = Development|Any CPU
		{DE7C61C3-7CD3-38B2-ADB2-09AAE9A9B520}.DebugGame Editor|Win64.Build.0 = Development|Any CPU
		{DE7C61C3-7CD3-38B2-ADB2-09AAE9A9B520}.DebugGame|Win64.ActiveCfg = Development|Any CPU
		{DE7C61C3-7CD3-38B2-ADB2-09AAE9A9B520}.DebugGame|Win64.Build.0 = Development|Any CPU
		{DE7C61C3-7CD3-38B2-ADB2-09AAE9A9B520}.Development Editor|Win64.ActiveCfg = Development|Any CPU
		{DE7C61C3-7CD3-38B2-ADB2-09AAE9A9B520}.Development Editor|Win64.Build.0 = Development|Any CPU
		{DE7C61C3-7CD3-38B2-ADB2-09AAE9A9B520}.Development|Win64.ActiveCfg = Development|Any CPU
		{DE7C61C3-7CD3-38B2-ADB2-09AAE9A9B520}.Development|Win64.Build.0 = Development|Any CPU
		{DE7C61C3-7CD3-38B2-ADB2-09AAE9A9B520}.Shipping|Win64.ActiveCfg = Development|Any CPU
		{DE7C61C3-7CD3-38B2-ADB2-09AAE9A9B520}.Shipping|Win64.Build.0 = Development|Any CPU
		{199FF7F9-E8F3-34CA-91E1-0848D1306393}.DebugGame Editor|Win64.ActiveCfg = Development|Any CPU
		{199FF7F9-E8F3-34CA-91E1-0848D1306393}.DebugGame Editor|Win64.Build.0 = Development|Any CPU
		{199FF7F9-E8F3-34CA-91E1-0848D1306393}.DebugGame|Win64.ActiveCfg = Development|Any CPU
		{199FF7F9-E8F3-34CA-91E1-0848D1306393}.DebugGame|Win64.Build.0 = Development|Any CPU
		{199FF7F9-E8F3-34CA-91E1-0848D1306393}.Development Editor|Win64.ActiveCfg = Development|Any CPU
		{199FF7F9-E8F3-34CA-91E1-0848D1306393}.Development Editor|Win64.Build.0 = Development|Any CPU
		{199FF7F9-E8F3-34CA-91E1-0848D1306393}.Development|Win64.ActiveCfg = Development|Any CPU
		{199FF7F9-E8F3-34CA-91E1-0848D1306393}.Development|Win64.Build.0 = Development|Any CPU
		{199FF7F9-E8F3-34CA-91E1-0848D1306393}.Shipping|Win64.ActiveCfg = Development|Any CPU
		{199FF7F9-E8F3-34CA-91E1-0848D1306393}.Shipping|Win64.Build.0 = Development|Any CPU
		{28132F42-C2DC-326B-B70A-7AA5D3C84E12}.DebugGame Editor|Win64.ActiveCfg = Development|Any CPU
		{28132F42-C2DC-326B-B70A-7AA5D3C84E12}.DebugGame Editor|Win64.Build.0 = Development|Any CPU
		{28132F42-C2DC-326B-B70A-7AA5D3C84E12}.DebugGame|Win64.ActiveCfg = Development|Any CPU
		{28132F42-C2DC-326B-B70A-7AA5D3C84E12}.DebugGame|Win64.Build.0 = Development|Any CPU
		{28132F42-C2DC-326B-B70A-7AA5D3C84E12}.Development Editor|Win64.ActiveCfg = Development|Any CPU
		{28132F42-C2DC-326B-B70A-7AA5D3C84E12}.Development Editor|Win64.Build.0 = Development|Any CPU
		{28132F42-C2DC-326B-B70A-7AA5D3C84E12}.Development|Win64.ActiveCfg = Development|Any CPU
		{28132F42-C2DC-326B-B70A-7AA5D3C84E12}.Development|Win64.Build.0 = Development|Any CPU
		{28132F42-C2DC-326B-B70A-7AA5D3C84E12}.Shipping|Win64.ActiveCfg = Development|Any CPU
		{28132F42-C2DC-326B-B70A-7AA5D3C84E12}.Shipping|Win64.Build.0 = Development|Any CPU
		{959A22F3-BC24-38BA-A4C2-F48D0FA89CF8}.DebugGame Editor|Win64.ActiveCfg = Development|Any CPU
		{959A22F3-BC24-38BA-A4C2-F48D0FA89CF8}.DebugGame Editor|Win64.Build.0 = Development|Any CPU
		{959A22F3-BC24-38BA-A4C2-F48D0FA89CF8}.DebugGame|Win64.ActiveCfg = Development|Any CPU
		{959A22F3-BC24-38BA-A4C2-F48D0FA89CF8}.DebugGame|Win64.Build.0 = Development|Any CPU
		{959A22F3-BC24-38BA-A4C2-F48D0FA89CF8}.Development Editor|Win64.ActiveCfg = Development|Any CPU
		{959A22F3-BC24-38BA-A4C2-F48D0FA89CF8}.Development Editor|Win64.Build.0 = Development|Any CPU
		{959A22F3-BC24-38BA-A4C2-F48D0FA89CF8}.Development|Win64.ActiveCfg = Development|Any CPU
		{959A22F3-BC24-38BA-A4C2-F48D0FA89CF8}.Development|Win64.Build.0 = Development|Any CPU
		{959A22F3-BC24-38BA-A4C2-F48D0FA89CF8}.Shipping|Win64.ActiveCfg = Development|Any CPU
		{959A22F3-BC24-38BA-A4C2-F48D0FA89CF8}.Shipping|Win64.Build.0 = Development|Any CPU
		{633E19AF-6369-3489-A057-70398A816D5B}.DebugGame Editor|Win64.ActiveCfg = Development|Any CPU
		{633E19AF-6369-3489-A057-70398A816D5B}.DebugGame Editor|Win64.Build.0 = Development|Any CPU
		{633E19AF-6369-3489-A057-70398A816D5B}.DebugGame|Win64.ActiveCfg = Development|Any CPU
		{633E19AF-6369-3489-A057-70398A816D5B}.DebugGame|Win64.Build.0 = Development|Any CPU
		{633E19AF-6369-3489-A057-70398A816D5B}.Development Editor|Win64.ActiveCfg = Development|Any CPU
		{633E19AF-6369-3489-A057-70398A816D5B}.Development Editor|Win64.Build.0 = Development|Any CPU
		{633E19AF-6369-3489-A057-70398A816D5B}.Development|Win64.ActiveCfg = Development|Any CPU
		{633E19AF-6369-3489-A057-70398A816D5B}.Development|Win64.Build.0 = Development|Any CPU
		{633E19AF-6369-3489-A057-70398A816D5B}.Shipping|Win64.ActiveCfg = Development|Any CPU
		{633E19AF-6369-3489-A057-70398A816D5B}.Shipping|Win64.Build.0 = Development|Any CPU
		{3F7B48B9-D9BA-3C14-A232-4890AF7DBCBC}.DebugGame Editor|Win64.ActiveCfg = Development|Any CPU
		{3F7B48B9-D9BA-3C14-A232-4890AF7DBCBC}.DebugGame Editor|Win64.Build.0 = Development|Any CPU
		{3F7B48B9-D9BA-3C14-A232-4890AF7DBCBC}.DebugGame|Win64.ActiveCfg = Development|Any CPU
		{3F7B48B9-D9BA-3C14-A232-4890AF7DBCBC}.DebugGame|Win64.Build.0 = Development|Any CPU
		{3F7B48B9-D9BA-3C14-A232-4890AF7DBCBC}.Development Editor|Win64.ActiveCfg = Development|Any CPU
		{3F7B48B9-D9BA-3C14-A232-4890AF7DBCBC}.Development Editor|Win64.Build.0 = Development|Any CPU
		{3F7B48B9-D9BA-3C14-A232-4890AF7DBCBC}.Development|Win64.ActiveCfg = Development|Any CPU
		{3F7B48B9-D9BA-3C14-A232-4890AF7DBCBC}.Development|Win64.Build.0 = Development|Any CPU
		{3F7B48B9-D9BA-3C14-A232-4890AF7DBCBC}.Shipping|Win64.ActiveCfg = Development|Any CPU
		{3F7B48B9-D9BA-3C14-A232-4890AF7DBCBC}.Shipping|Win64.Build.0 = Development|Any CPU
		{95355A65-7511-32A8-A408-1CD1485531A1}.DebugGame Editor|Win64.ActiveCfg = Development|Any CPU
		{95355A65-7511-32A8-A408-1CD1485531A1}.DebugGame Editor|Win64.Build.0 = Development|Any CPU
		{95355A65-7511-32A8-A408-1CD1485531A1}.DebugGame|Win64.ActiveCfg = Development|Any CPU
		{95355A65-7511-32A8-A408-1CD1485531A1}.DebugGame|Win64.Build.0 = Development|Any CPU
		{95355A65-7511-32A8-A408-1CD1485531A1}.Development Editor|Win64.ActiveCfg = Development|Any CPU
		{95355A65-7511-32A8-A408-1CD1485531A1}.Development Editor|Win64.Build.0 = Development|Any CPU
		{95355A65-7511-32A8-A408-1CD1485531A1}.Development|Win64.ActiveCfg = Development|Any CPU
		{95355A65-7511-32A8-A408-1CD1485531A1}.Development|Win64.Build.0 = Development|Any CPU
		{95355A65-7511-32A8-A408-1CD1485531A1}.Shipping|Win64.ActiveCfg = Development|Any CPU
		{95355A65-7511-32A8-A408-1CD1485531A1}.Shipping|Win64.Build.0 = Development|Any CPU
		{46E99AD2-FD4A-3428-989E-487CD63154DB}.DebugGame Editor|Win64.ActiveCfg = Development|Any CPU
		{46E99AD2-FD4A-3428-989E-487CD63154DB}.DebugGame Editor|Win64.Build.0 = Development|Any CPU
		{46E99AD2-FD4A-3428-989E-487CD63154DB}.DebugGame|Win64.ActiveCfg = Development|Any CPU
		{46E99AD2-FD4A-3428-989E-487CD63154DB}.DebugGame|Win64.Build.0 = Development|Any CPU
		{46E99AD2-FD4A-3428-989E-487CD63154DB}.Development Editor|Win64.ActiveCfg = Development|Any CPU
		{46E99AD2-FD4A-3428-989E-487CD63154DB}.Development Editor|Win64.Build.0 = Development|Any CPU
		{46E99AD2-FD4A-3428-989E-487CD63154DB}.Development|Win64.ActiveCfg = Development|Any CPU
		{46E99AD2-FD4A-3428-989E-487CD63154DB}.Development|Win64.Build.0 = Development|Any CPU
		{46E99AD2-FD4A-3428-989E-487CD63154DB}.Shipping|Win64.ActiveCfg = Development|Any CPU
		{46E99AD2-FD4A-3428-989E-487CD63154DB}.Shipping|Win64.Build.0 = Development|Any CPU
		{45CFE64C-8A6F-356D-81BE-0CFEFE571440}.DebugGame Editor|Win64.ActiveCfg = Development|Any CPU
		{45CFE64C-8A6F-356D-81BE-0CFEFE571440}.DebugGame Editor|Win64.Build.0 = Development|Any CPU
		{45CFE64C-8A6F-356D-81BE-0CFEFE571440}.DebugGame|Win64.ActiveCfg = Development|Any CPU
		{45CFE64C-8A6F-356D-81BE-0CFEFE571440}.DebugGame|Win64.Build.0 = Development|Any CPU
		{45CFE64C-8A6F-356D-81BE-0CFEFE571440}.Development Editor|Win64.ActiveCfg = Development|Any CPU
		{45CFE64C-8A6F-356D-81BE-0CFEFE571440}.Development Editor|Win64.Build.0 = Development|Any CPU
		{45CFE64C-8A6F-356D-81BE-0CFEFE571440}.Development|Win64.ActiveCfg = Development|Any CPU
		{45CFE64C-8A6F-356D-81BE-0CFEFE571440}.Development|Win64.Build.0 = Development|Any CPU
		{45CFE64C-8A6F-356D-81BE-0CFEFE571440}.Shipping|Win64.ActiveCfg = Development|Any CPU
		{45CFE64C-8A6F-356D-81BE-0CFEFE571440}.Shipping|Win64.Build.0 = Development|Any CPU
		{EDAEFF81-3C2C-3A39-B458-118B0FEBBB9B}.DebugGame Editor|Win64.ActiveCfg = Development|Any CPU
		{EDAEFF81-3C2C-3A39-B458-118B0FEBBB9B}.DebugGame Editor|Win64.Build.0 = Development|Any CPU
		{EDAEFF81-3C2C-3A39-B458-118B0FEBBB9B}.DebugGame|Win64.ActiveCfg = Development|Any CPU
		{EDAEFF81-3C2C-3A39-B458-118B0FEBBB9B}.DebugGame|Win64.Build.0 = Development|Any CPU
		{EDAEFF81-3C2C-3A39-B458-118B0FEBBB9B}.Development Editor|Win64.ActiveCfg = Development|Any CPU
		{EDAEFF81-3C2C-3A39-B458-118B0FEBBB9B}.Development Editor|Win64.Build.0 = Development|Any CPU
		{EDAEFF81-3C2C-3A39-B458-118B0FEBBB9B}.Development|Win64.ActiveCfg = Development|Any CPU
		{EDAEFF81-3C2C-3A39-B458-118B0FEBBB9B}.Development|Win64.Build.0 = Development|Any CPU
		{EDAEFF81-3C2C-3A39-B458-118B0FEBBB9B}.Shipping|Win64.ActiveCfg = Development|Any CPU
		{EDAEFF81-3C2C-3A39-B458-118B0FEBBB9B}.Shipping|Win64.Build.0 = Development|Any CPU
		{84679CD3-A6D0-38BD-ADAB-D33666E4F8BE}.DebugGame Editor|Win64.ActiveCfg = Development|Any CPU
		{84679CD3-A6D0-38BD-ADAB-D33666E4F8BE}.DebugGame Editor|Win64.Build.0 = Development|Any CPU
		{84679CD3-A6D0-38BD-ADAB-D33666E4F8BE}.DebugGame|Win64.ActiveCfg = Development|Any CPU
		{84679CD3-A6D0-38BD-ADAB-D33666E4F8BE}.DebugGame|Win64.Build.0 = Development|Any CPU
		{84679CD3-A6D0-38BD-ADAB-D33666E4F8BE}.Development Editor|Win64.ActiveCfg = Development|Any CPU
		{84679CD3-A6D0-38BD-ADAB-D33666E4F8BE}.Development Editor|Win64.Build.0 = Development|Any CPU
		{84679CD3-A6D0-38BD-ADAB-D33666E4F8BE}.Development|Win64.ActiveCfg = Development|Any CPU
		{84679CD3-A6D0-38BD-ADAB-D33666E4F8BE}.Development|Win64.Build.0 = Development|Any CPU
		{84679CD3-A6D0-38BD-ADAB-D33666E4F8BE}.Shipping|Win64.ActiveCfg = Development|Any CPU
		{84679CD3-A6D0-38BD-ADAB-D33666E4F8BE}.Shipping|Win64.Build.0 = Development|Any CPU
		{54F0A1BA-9279-3289-84CB-58EDD6E42888}.DebugGame Editor|Win64.ActiveCfg = Development|Any CPU
		{54F0A1BA-9279-3289-84CB-58EDD6E42888}.DebugGame Editor|Win64.Build.0 = Development|Any CPU
		{54F0A1BA-9279-3289-84CB-58EDD6E42888}.DebugGame|Win64.ActiveCfg = Development|Any CPU
		{54F0A1BA-9279-3289-84CB-58EDD6E42888}.DebugGame|Win64.Build.0 = Development|Any CPU
		{54F0A1BA-9279-3289-84CB-58EDD6E42888}.Development Editor|Win64.ActiveCfg = Development|Any CPU
		{54F0A1BA-9279-3289-84CB-58EDD6E42888}.Development Editor|Win64.Build.0 = Development|Any CPU
		{54F0A1BA-9279-3289-84CB-58EDD6E42888}.Development|Win64.ActiveCfg = Development|Any CPU
		{54F0A1BA-9279-3289-84CB-58EDD6E42888}.Development|Win64.Build.0 = Development|Any CPU
		{54F0A1BA-9279-3289-84CB-58EDD6E42888}.Shipping|Win64.ActiveCfg = Development|Any CPU
		{54F0A1BA-9279-3289-84CB-58EDD6E42888}.Shipping|Win64.Build.0 = Development|Any CPU
		{61A96434-4478-31A4-B79A-7C0DF1D561E0}.DebugGame Editor|Win64.ActiveCfg = Development|Any CPU
		{61A96434-4478-31A4-B79A-7C0DF1D561E0}.DebugGame Editor|Win64.Build.0 = Development|Any CPU
		{61A96434-4478-31A4-B79A-7C0DF1D561E0}.DebugGame|Win64.ActiveCfg = Development|Any CPU
		{61A96434-4478-31A4-B79A-7C0DF1D561E0}.DebugGame|Win64.Build.0 = Development|Any CPU
		{61A96434-4478-31A4-B79A-7C0DF1D561E0}.Development Editor|Win64.ActiveCfg = Development|Any CPU
		{61A96434-4478-31A4-B79A-7C0DF1D561E0}.Development Editor|Win64.Build.0 = Development|Any CPU
		{61A96434-4478-31A4-B79A-7C0DF1D561E0}.Development|Win64.ActiveCfg = Development|Any CPU
		{61A96434-4478-31A4-B79A-7C0DF1D561E0}.Development|Win64.Build.0 = Development|Any CPU
		{61A96434-4478-31A4-B79A-7C0DF1D561E0}.Shipping|Win64.ActiveCfg = Development|Any CPU
		{61A96434-4478-31A4-B79A-7C0DF1D561E0}.Shipping|Win64.Build.0 = Development|Any CPU
		{6DCFDC23-96C9-37D6-A369-3032140D111B}.DebugGame Editor|Win64.ActiveCfg = Development|Any CPU
		{6DCFDC23-96C9-37D6-A369-3032140D111B}.DebugGame Editor|Win64.Build.0 = Development|Any CPU
		{6DCFDC23-96C9-37D6-A369-3032140D111B}.DebugGame|Win64.ActiveCfg = Development|Any CPU
		{6DCFDC23-96C9-37D6-A369-3032140D111B}.DebugGame|Win64.Build.0 = Development|Any CPU
		{6DCFDC23-96C9-37D6-A369-3032140D111B}.Development Editor|Win64.ActiveCfg = Development|Any CPU
		{6DCFDC23-96C9-37D6-A369-3032140D111B}.Development Editor|Win64.Build.0 = Development|Any CPU
		{6DCFDC23-96C9-37D6-A369-3032140D111B}.Development|Win64.ActiveCfg = Development|Any CPU
		{6DCFDC23-96C9-37D6-A369-3032140D111B}.Development|Win64.Build.0 = Development|Any CPU
		{6DCFDC23-96C9-37D6-A369-3032140D111B}.Shipping|Win64.ActiveCfg = Development|Any CPU
		{6DCFDC23-96C9-37D6-A369-3032140D111B}.Shipping|Win64.Build.0 = Development|Any CPU
		{C9A12280-B9F5-3134-84D9-37E4C426AE4B}.DebugGame Editor|Win64.ActiveCfg = Development|Any CPU
		{C9A12280-B9F5-3134-84D9-37E4C426AE4B}.DebugGame Editor|Win64.Build.0 = Development|Any CPU
		{C9A12280-B9F5-3134-84D9-37E4C426AE4B}.DebugGame|Win64.ActiveCfg = Development|Any CPU
		{C9A12280-B9F5-3134-84D9-37E4C426AE4B}.DebugGame|Win64.Build.0 = Development|Any CPU
		{C9A12280-B9F5-3134-84D9-37E4C426AE4B}.Development Editor|Win64.ActiveCfg = Development|Any CPU
		{C9A12280-B9F5-3134-84D9-37E4C426AE4B}.Development Editor|Win64.Build.0 = Development|Any CPU
		{C9A12280-B9F5-3134-84D9-37E4C426AE4B}.Development|Win64.ActiveCfg = Development|Any CPU
		{C9A12280-B9F5-3134-84D9-37E4C426AE4B}.Development|Win64.Build.0 = Development|Any CPU
		{C9A12280-B9F5-3134-84D9-37E4C426AE4B}.Shipping|Win64.ActiveCfg = Development|Any CPU
		{C9A12280-B9F5-3134-84D9-37E4C426AE4B}.Shipping|Win64.Build.0 = Development|Any CPU
		{94B98863-DB26-332F-9D0C-800E1BF683B4}.DebugGame Editor|Win64.ActiveCfg = Development|Any CPU
		{94B98863-DB26-332F-9D0C-800E1BF683B4}.DebugGame Editor|Win64.Build.0 = Development|Any CPU
		{94B98863-DB26-332F-9D0C-800E1BF683B4}.DebugGame|Win64.ActiveCfg = Development|Any CPU
		{94B98863-DB26-332F-9D0C-800E1BF683B4}.DebugGame|Win64.Build.0 = Development|Any CPU
		{94B98863-DB26-332F-9D0C-800E1BF683B4}.Development Editor|Win64.ActiveCfg = Development|Any CPU
		{94B98863-DB26-332F-9D0C-800E1BF683B4}.Development Editor|Win64.Build.0 = Development|Any CPU
		{94B98863-DB26-332F-9D0C-800E1BF683B4}.Development|Win64.ActiveCfg = Development|Any CPU
		{94B98863-DB26-332F-9D0C-800E1BF683B4}.Development|Win64.Build.0 = Development|Any CPU
		{94B98863-DB26-332F-9D0C-800E1BF683B4}.Shipping|Win64.ActiveCfg = Development|Any CPU
		{94B98863-DB26-332F-9D0C-800E1BF683B4}.Shipping|Win64.Build.0 = Development|Any CPU
		{3B996620-453F-3814-BBAC-FBBF52D743F7}.DebugGame Editor|Win64.ActiveCfg = Development|Any CPU
		{3B996620-453F-3814-BBAC-FBBF52D743F7}.DebugGame Editor|Win64.Build.0 = Development|Any CPU
		{3B996620-453F-3814-BBAC-FBBF52D743F7}.DebugGame|Win64.ActiveCfg = Development|Any CPU
		{3B996620-453F-3814-BBAC-FBBF52D743F7}.DebugGame|Win64.Build.0 = Development|Any CPU
		{3B996620-453F-3814-BBAC-FBBF52D743F7}.Development Editor|Win64.ActiveCfg = Development|Any CPU
		{3B996620-453F-3814-BBAC-FBBF52D743F7}.Development Editor|Win64.Build.0 = Development|Any CPU
		{3B996620-453F-3814-BBAC-FBBF52D743F7}.Development|Win64.ActiveCfg = Development|Any CPU
		{3B996620-453F-3814-BBAC-FBBF52D743F7}.Development|Win64.Build.0 = Development|Any CPU
		{3B996620-453F-3814-BBAC-FBBF52D743F7}.Shipping|Win64.ActiveCfg = Development|Any CPU
		{3B996620-453F-3814-BBAC-FBBF52D743F7}.Shipping|Win64.Build.0 = Development|Any CPU
		{6BBCEF97-E7E7-3909-9A45-772F938A4F9F}.DebugGame Editor|Win64.ActiveCfg = Development|Any CPU
		{6BBCEF97-E7E7-3909-9A45-772F938A4F9F}.DebugGame Editor|Win64.Build.0 = Development|Any CPU
		{6BBCEF97-E7E7-3909-9A45-772F938A4F9F}.DebugGame|Win64.ActiveCfg = Development|Any CPU
		{6BBCEF97-E7E7-3909-9A45-772F938A4F9F}.DebugGame|Win64.Build.0 = Development|Any CPU
		{6BBCEF97-E7E7-3909-9A45-772F938A4F9F}.Development Editor|Win64.ActiveCfg = Development|Any CPU
		{6BBCEF97-E7E7-3909-9A45-772F938A4F9F}.Development Editor|Win64.Build.0 = Development|Any CPU
		{6BBCEF97-E7E7-3909-9A45-772F938A4F9F}.Development|Win64.ActiveCfg = Development|Any CPU
		{6BBCEF97-E7E7-3909-9A45-772F938A4F9F}.Development|Win64.Build.0 = Development|Any CPU
		{6BBCEF97-E7E7-3909-9A45-772F938A4F9F}.Shipping|Win64.ActiveCfg = Development|Any CPU
		{6BBCEF97-E7E7-3909-9A45-772F938A4F9F}.Shipping|Win64.Build.0 = Development|Any CPU
		{4ABDE3E3-5FEF-3ED4-BC31-6F2F5D23BA1A}.DebugGame Editor|Win64.ActiveCfg = Development|Any CPU
		{4ABDE3E3-5FEF-3ED4-BC31-6F2F5D23BA1A}.DebugGame Editor|Win64.Build.0 = Development|Any CPU
		{4ABDE3E3-5FEF-3ED4-BC31-6F2F5D23BA1A}.DebugGame|Win64.ActiveCfg = Development|Any CPU
		{4ABDE3E3-5FEF-3ED4-BC31-6F2F5D23BA1A}.DebugGame|Win64.Build.0 = Development|Any CPU
		{4ABDE3E3-5FEF-3ED4-BC31-6F2F5D23BA1A}.Development Editor|Win64.ActiveCfg = Development|Any CPU
		{4ABDE3E3-5FEF-3ED4-BC31-6F2F5D23BA1A}.Development Editor|Win64.Build.0 = Development|Any CPU
		{4ABDE3E3-5FEF-3ED4-BC31-6F2F5D23BA1A}.Development|Win64.ActiveCfg = Development|Any CPU
		{4ABDE3E3-5FEF-3ED4-BC31-6F2F5D23BA1A}.Development|Win64.Build.0 = Development|Any CPU
		{4ABDE3E3-5FEF-3ED4-BC31-6F2F5D23BA1A}.Shipping|Win64.ActiveCfg = Development|Any CPU
		{4ABDE3E3-5FEF-3ED4-BC31-6F2F5D23BA1A}.Shipping|Win64.Build.0 = Development|Any CPU
		{38A611C2-5388-3DBD-8E99-BC5F752B2048}.DebugGame Editor|Win64.ActiveCfg = Development|Any CPU
		{38A611C2-5388-3DBD-8E99-BC5F752B2048}.DebugGame Editor|Win64.Build.0 = Development|Any CPU
		{38A611C2-5388-3DBD-8E99-BC5F752B2048}.DebugGame|Win64.ActiveCfg = Development|Any CPU
		{38A611C2-5388-3DBD-8E99-BC5F752B2048}.DebugGame|Win64.Build.0 = Development|Any CPU
		{38A611C2-5388-3DBD-8E99-BC5F752B2048}.Development Editor|Win64.ActiveCfg = Development|Any CPU
		{38A611C2-5388-3DBD-8E99-BC5F752B2048}.Development Editor|Win64.Build.0 = Development|Any CPU
		{38A611C2-5388-3DBD-8E99-BC5F752B2048}.Development|Win64.ActiveCfg = Development|Any CPU
		{38A611C2-5388-3DBD-8E99-BC5F752B2048}.Development|Win64.Build.0 = Development|Any CPU
		{38A611C2-5388-3DBD-8E99-BC5F752B2048}.Shipping|Win64.ActiveCfg = Development|Any CPU
		{38A611C2-5388-3DBD-8E99-BC5F752B2048}.Shipping|Win64.Build.0 = Development|Any CPU
		{C58C5E7B-4E00-3BD4-80F3-F64DF6125F49}.DebugGame Editor|Win64.ActiveCfg = Development|Any CPU
		{C58C5E7B-4E00-3BD4-80F3-F64DF6125F49}.DebugGame Editor|Win64.Build.0 = Development|Any CPU
		{C58C5E7B-4E00-3BD4-80F3-F64DF6125F49}.DebugGame|Win64.ActiveCfg = Development|Any CPU
		{C58C5E7B-4E00-3BD4-80F3-F64DF6125F49}.DebugGame|Win64.Build.0 = Development|Any CPU
		{C58C5E7B-4E00-3BD4-80F3-F64DF6125F49}.Development Editor|Win64.ActiveCfg = Development|Any CPU
		{C58C5E7B-4E00-3BD4-80F3-F64DF6125F49}.Development Editor|Win64.Build.0 = Development|Any CPU
		{C58C5E7B-4E00-3BD4-80F3-F64DF6125F49}.Development|Win64.ActiveCfg = Development|Any CPU
		{C58C5E7B-4E00-3BD4-80F3-F64DF6125F49}.Development|Win64.Build.0 = Development|Any CPU
		{C58C5E7B-4E00-3BD4-80F3-F64DF6125F49}.Shipping|Win64.ActiveCfg = Development|Any CPU
		{C58C5E7B-4E00-3BD4-80F3-F64DF6125F49}.Shipping|Win64.Build.0 = Development|Any CPU
		{E414A097-3549-3822-91FC-61D44EEFB4AF}.DebugGame Editor|Win64.ActiveCfg = Development|Any CPU
		{E414A097-3549-3822-91FC-61D44EEFB4AF}.DebugGame Editor|Win64.Build.0 = Development|Any CPU
		{E414A097-3549-3822-91FC-61D44EEFB4AF}.DebugGame|Win64.ActiveCfg = Development|Any CPU
		{E414A097-3549-3822-91FC-61D44EEFB4AF}.DebugGame|Win64.Build.0 = Development|Any CPU
		{E414A097-3549-3822-91FC-61D44EEFB4AF}.Development Editor|Win64.ActiveCfg = Development|Any CPU
		{E414A097-3549-3822-91FC-61D44EEFB4AF}.Development Editor|Win64.Build.0 = Development|Any CPU
		{E414A097-3549-3822-91FC-61D44EEFB4AF}.Development|Win64.ActiveCfg = Development|Any CPU
		{E414A097-3549-3822-91FC-61D44EEFB4AF}.Development|Win64.Build.0 = Development|Any CPU
		{E414A097-3549-3822-91FC-61D44EEFB4AF}.Shipping|Win64.ActiveCfg = Development|Any CPU
		{E414A097-3549-3822-91FC-61D44EEFB4AF}.Shipping|Win64.Build.0 = Development|Any CPU
		{0C3711D7-BA70-31C6-B0C9-19EE344B6506}.DebugGame Editor|Win64.ActiveCfg = Development|Any CPU
		{0C3711D7-BA70-31C6-B0C9-19EE344B6506}.DebugGame Editor|Win64.Build.0 = Development|Any CPU
		{0C3711D7-BA70-31C6-B0C9-19EE344B6506}.DebugGame|Win64.ActiveCfg = Development|Any CPU
		{0C3711D7-BA70-31C6-B0C9-19EE344B6506}.DebugGame|Win64.Build.0 = Development|Any CPU
		{0C3711D7-BA70-31C6-B0C9-19EE344B6506}.Development Editor|Win64.ActiveCfg = Development|Any CPU
		{0C3711D7-BA70-31C6-B0C9-19EE344B6506}.Development Editor|Win64.Build.0 = Development|Any CPU
		{0C3711D7-BA70-31C6-B0C9-19EE344B6506}.Development|Win64.ActiveCfg = Development|Any CPU
		{0C3711D7-BA70-31C6-B0C9-19EE344B6506}.Development|Win64.Build.0 = Development|Any CPU
		{0C3711D7-BA70-31C6-B0C9-19EE344B6506}.Shipping|Win64.ActiveCfg = Development|Any CPU
		{0C3711D7-BA70-31C6-B0C9-19EE344B6506}.Shipping|Win64.Build.0 = Development|Any CPU
		{E28B5224-DDCE-35F9-AE12-B8D31548C932}.DebugGame Editor|Win64.ActiveCfg = Development|Any CPU
		{E28B5224-DDCE-35F9-AE12-B8D31548C932}.DebugGame Editor|Win64.Build.0 = Development|Any CPU
		{E28B5224-DDCE-35F9-AE12-B8D31548C932}.DebugGame|Win64.ActiveCfg = Development|Any CPU
		{E28B5224-DDCE-35F9-AE12-B8D31548C932}.DebugGame|Win64.Build.0 = Development|Any CPU
		{E28B5224-DDCE-35F9-AE12-B8D31548C932}.Development Editor|Win64.ActiveCfg = Development|Any CPU
		{E28B5224-DDCE-35F9-AE12-B8D31548C932}.Development Editor|Win64.Build.0 = Development|Any CPU
		{E28B5224-DDCE-35F9-AE12-B8D31548C932}.Development|Win64.ActiveCfg = Development|Any CPU
		{E28B5224-DDCE-35F9-AE12-B8D31548C932}.Development|Win64.Build.0 = Development|Any CPU
		{E28B5224-DDCE-35F9-AE12-B8D31548C932}.Shipping|Win64.ActiveCfg = Development|Any CPU
		{E28B5224-DDCE-35F9-AE12-B8D31548C932}.Shipping|Win64.Build.0 = Development|Any CPU
	EndGlobalSection
	GlobalSection(SolutionProperties) = preSolution
		HideSolutionNode = FALSE
	EndGlobalSection
	GlobalSection(NestedProjects) = preSolution
		{D71A1686-C6A2-3D24-B76A-FF35A4F65A03} = {233774A8-CC9D-3FA9-86D1-90573E92B704}
		{7C0763B5-28CF-320F-AAC1-BE115058D101} = {DE1F8B53-6C02-3C13-9101-A7C8D96F3FF6}
		{018B1861-EFC9-36A8-8939-F0FF0856C800} = {A338B9E2-A559-34BE-A46D-F789DD488FAD}
		{FFFBA05A-BC22-3DA2-A811-CAD76FE88415} = {A338B9E2-A559-34BE-A46D-F789DD488FAD}
		{0BFBE63A-B98A-3411-8EEB-8918FEC737B3} = {A338B9E2-A559-34BE-A46D-F789DD488FAD}
		{7B5CFB44-F0FB-31DF-AE62-C3C096A29A7B} = {A338B9E2-A559-34BE-A46D-F789DD488FAD}
		{57713676-9DBE-331C-AD10-26632AC9EE0C} = {A338B9E2-A559-34BE-A46D-F789DD488FAD}
		{6A0E603C-32AE-369E-B12B-187833978EBC} = {0BFBE63A-B98A-3411-8EEB-8918FEC737B3}
		{E29A138E-A917-35CC-B2E1-BB98F0FE0832} = {0BFBE63A-B98A-3411-8EEB-8918FEC737B3}
		{40A49EC0-2BFD-3D23-9424-4916E605ACD7} = {0BFBE63A-B98A-3411-8EEB-8918FEC737B3}
		{3EC5BB9F-87D9-344F-982E-BDF5D538B6AB} = {0BFBE63A-B98A-3411-8EEB-8918FEC737B3}
		{B4F7AF73-2781-3AA8-AFAF-CC6710251EBC} = {0BFBE63A-B98A-3411-8EEB-8918FEC737B3}
		{3E1ADE78-3ACF-3CC5-A0ED-82D533EA3735} = {0BFBE63A-B98A-3411-8EEB-8918FEC737B3}
		{ACF2ED16-A93F-32CA-93DC-BA31BE3A52B5} = {0BFBE63A-B98A-3411-8EEB-8918FEC737B3}
		{90F2AC81-42D8-381C-94B3-66A32AA0DAE5} = {0BFBE63A-B98A-3411-8EEB-8918FEC737B3}
		{5F2DD492-94FD-3246-B886-ABBCE217D8F5} = {0BFBE63A-B98A-3411-8EEB-8918FEC737B3}
		{629314C6-1150-3C46-9624-CD64C1513BA0} = {0BFBE63A-B98A-3411-8EEB-8918FEC737B3}
		{4DE8CE4C-3683-3E1A-94E2-0793A1DEFAA3} = {0BFBE63A-B98A-3411-8EEB-8918FEC737B3}
		{4B815649-EF1E-3630-A4AA-30D3C2387F5A} = {0BFBE63A-B98A-3411-8EEB-8918FEC737B3}
		{D3A81409-00BD-3378-B1FC-6B35315389DC} = {0BFBE63A-B98A-3411-8EEB-8918FEC737B3}
		{C222F3D7-BCD9-30FB-A1DF-6E05A163F81C} = {0BFBE63A-B98A-3411-8EEB-8918FEC737B3}
		{FF90DC59-2000-369B-998B-502336233C49} = {0BFBE63A-B98A-3411-8EEB-8918FEC737B3}
		{4A4EA07B-906F-348A-84CD-DD5E36F8AAC2} = {0BFBE63A-B98A-3411-8EEB-8918FEC737B3}
		{C67AC0DC-994C-3CED-AE03-EFAE3C86170C} = {0BFBE63A-B98A-3411-8EEB-8918FEC737B3}
		{147A0E95-10B0-36BB-9C33-8179B423146D} = {0BFBE63A-B98A-3411-8EEB-8918FEC737B3}
		{8B1BF7B6-112E-306A-90D1-EFF0C57A1361} = {0BFBE63A-B98A-3411-8EEB-8918FEC737B3}
		{E2FBF759-20B3-3142-AE77-2BE3E6F82567} = {0BFBE63A-B98A-3411-8EEB-8918FEC737B3}
		{DE7C61C3-7CD3-38B2-ADB2-09AAE9A9B520} = {7B5CFB44-F0FB-31DF-AE62-C3C096A29A7B}
		{199FF7F9-E8F3-34CA-91E1-0848D1306393} = {57713676-9DBE-331C-AD10-26632AC9EE0C}
		{28132F42-C2DC-326B-B70A-7AA5D3C84E12} = {57713676-9DBE-331C-AD10-26632AC9EE0C}
		{959A22F3-BC24-38BA-A4C2-F48D0FA89CF8} = {57713676-9DBE-331C-AD10-26632AC9EE0C}
		{633E19AF-6369-3489-A057-70398A816D5B} = {57713676-9DBE-331C-AD10-26632AC9EE0C}
		{3F7B48B9-D9BA-3C14-A232-4890AF7DBCBC} = {57713676-9DBE-331C-AD10-26632AC9EE0C}
		{95355A65-7511-32A8-A408-1CD1485531A1} = {57713676-9DBE-331C-AD10-26632AC9EE0C}
		{46E99AD2-FD4A-3428-989E-487CD63154DB} = {57713676-9DBE-331C-AD10-26632AC9EE0C}
		{45CFE64C-8A6F-356D-81BE-0CFEFE571440} = {57713676-9DBE-331C-AD10-26632AC9EE0C}
		{EDAEFF81-3C2C-3A39-B458-118B0FEBBB9B} = {57713676-9DBE-331C-AD10-26632AC9EE0C}
		{84679CD3-A6D0-38BD-ADAB-D33666E4F8BE} = {57713676-9DBE-331C-AD10-26632AC9EE0C}
		{54F0A1BA-9279-3289-84CB-58EDD6E42888} = {57713676-9DBE-331C-AD10-26632AC9EE0C}
		{61A96434-4478-31A4-B79A-7C0DF1D561E0} = {57713676-9DBE-331C-AD10-26632AC9EE0C}
		{6DCFDC23-96C9-37D6-A369-3032140D111B} = {57713676-9DBE-331C-AD10-26632AC9EE0C}
		{C9A12280-B9F5-3134-84D9-37E4C426AE4B} = {57713676-9DBE-331C-AD10-26632AC9EE0C}
		{94B98863-DB26-332F-9D0C-800E1BF683B4} = {57713676-9DBE-331C-AD10-26632AC9EE0C}
		{3B996620-453F-3814-BBAC-FBBF52D743F7} = {57713676-9DBE-331C-AD10-26632AC9EE0C}
		{6BBCEF97-E7E7-3909-9A45-772F938A4F9F} = {57713676-9DBE-331C-AD10-26632AC9EE0C}
		{4ABDE3E3-5FEF-3ED4-BC31-6F2F5D23BA1A} = {57713676-9DBE-331C-AD10-26632AC9EE0C}
		{38A611C2-5388-3DBD-8E99-BC5F752B2048} = {57713676-9DBE-331C-AD10-26632AC9EE0C}
		{C58C5E7B-4E00-3BD4-80F3-F64DF6125F49} = {57713676-9DBE-331C-AD10-26632AC9EE0C}
		{E414A097-3549-3822-91FC-61D44EEFB4AF} = {C2F57ECE-B26F-39D8-BDA7-C1D40BD8F180}
		{0C3711D7-BA70-31C6-B0C9-19EE344B6506} = {C2F57ECE-B26F-39D8-BDA7-C1D40BD8F180}
		{E28B5224-DDCE-35F9-AE12-B8D31548C932} = {C2F57ECE-B26F-39D8-BDA7-C1D40BD8F180}
	EndGlobalSection
EndGlobal
